
Microsoft Visual Studio Solution File, Format Version 12.00
# Visual Studio Version 16
VisualStudioVersion = 16.0.30104.148
MinimumVisualStudioVersion = 10.0.40219.1
Project("{8BC9CEB8-8B4A-11D0-8D11-00A0C91BC942}") = "Project1", "Project1\Project1.vcxproj", "{F03D204E-1701-4293-B971-BA366D8A0B95}"
EndProject
Project("{8BC9CEB8-8B4A-11D0-8D11-00A0C91BC942}") = "Dll1", "Dll1\Dll1.vcxproj", "{7DCFF80A-07F9-40F3-BC5D-A5A2360D50BB}"
EndProject
Global
	GlobalSection(SolutionConfigurationPlatforms) = preSolution
		Debug|x64 = Debug|x64
		Debug|x86 = Debug|x86
		Release|x64 = Release|x64
		Release|x86 = Release|x86
	EndGlobalSection
	GlobalSection(ProjectConfigurationPlatforms) = postSolution
		{F03D204E-1701-4293-B971-BA366D8A0B95}.Debug|x64.ActiveCfg = Debug|x64
		{F03D204E-1701-4293-B971-BA366D8A0B95}.Debug|x64.Build.0 = Debug|x64
		{F03D204E-1701-4293-B971-BA366D8A0B95}.Debug|x86.ActiveCfg = Debug|Win32
		{F03D204E-1701-4293-B971-BA366D8A0B95}.Debug|x86.Build.0 = Debug|Win32
		{F03D204E-1701-4293-B971-BA366D8A0B95}.Release|x64.ActiveCfg = Release|x64
		{F03D204E-1701-4293-B971-BA366D8A0B95}.Release|x64.Build.0 = Release|x64
		{F03D204E-1701-4293-B971-BA366D8A0B95}.Release|x86.ActiveCfg = Release|Win32
		{F03D204E-1701-4293-B971-BA366D8A0B95}.Release|x86.Build.0 = Release|Win32
		{7DCFF80A-07F9-40F3-BC5D-A5A2360D50BB}.Debug|x64.ActiveCfg = Debug|x64
		{7DCFF80A-07F9-40F3-BC5D-A5A2360D50BB}.Debug|x64.Build.0 = Debug|x64
		{7DCFF80A-07F9-40F3-BC5D-A5A2360D50BB}.Debug|x86.ActiveCfg = Debug|Win32
		{7DCFF80A-07F9-40F3-BC5D-A5A2360D50BB}.Debug|x86.Build.0 = Debug|Win32
		{7DCFF80A-07F9-40F3-BC5D-A5A2360D50BB}.Release|x64.ActiveCfg = Release|x64
		{7DCFF80A-07F9-40F3-BC5D-A5A2360D50BB}.Release|x64.Build.0 = Release|x64
		{7DCFF80A-07F9-40F3-BC5D-A5A2360D50BB}.Release|x86.ActiveCfg = Release|Win32
		{7DCFF80A-07F9-40F3-BC5D-A5A2360D50BB}.Release|x86.Build.0 = Release|Win32
	EndGlobalSection
	GlobalSection(SolutionProperties) = preSolution
		HideSolutionNode = FALSE
	EndGlobalSection
	GlobalSection(ExtensibilityGlobals) = postSolution
		SolutionGuid = {7CFB0309-885E-4901-A9DC-6D73D6808845}
	EndGlobalSection
EndGlobal
