
Microsoft Visual Studio Solution File, Format Version 12.00
# Visual Studio Version 16
VisualStudioVersion = 16.0.30104.148
MinimumVisualStudioVersion = 10.0.40219.1
Project("{8BC9CEB8-8B4A-11D0-8D11-00A0C91BC942}") = "WindowsProject1", "WindowsProject1\WindowsProject1.vcxproj", "{E1071E5C-7227-4E66-A2BF-C22FFDFA5A96}"
EndProject
Project("{8BC9CEB8-8B4A-11D0-8D11-00A0C91BC942}") = "Project2", "Project2\Project2.vcxproj", "{AE31CA66-DAD6-48DC-A2BF-7A01E0498709}"
EndProject
Project("{8BC9CEB8-8B4A-11D0-8D11-00A0C91BC942}") = "Project1", "Project1\Project1.vcxproj", "{A9745798-7622-4E72-876C-A470720A05A3}"
EndProject
Project("{8BC9CEB8-8B4A-11D0-8D11-00A0C91BC942}") = "Project3", "Project3\Project3.vcxproj", "{27707E71-583A-4513-9C1A-D118EDFEDE1C}"
EndProject
Global
	GlobalSection(SolutionConfigurationPlatforms) = preSolution
		Debug|x64 = Debug|x64
		Debug|x86 = Debug|x86
		Release|x64 = Release|x64
		Release|x86 = Release|x86
	EndGlobalSection
	GlobalSection(ProjectConfigurationPlatforms) = postSolution
		{E1071E5C-7227-4E66-A2BF-C22FFDFA5A96}.Debug|x64.ActiveCfg = Debug|x64
		{E1071E5C-7227-4E66-A2BF-C22FFDFA5A96}.Debug|x64.Build.0 = Debug|x64
		{E1071E5C-7227-4E66-A2BF-C22FFDFA5A96}.Debug|x86.ActiveCfg = Debug|Win32
		{E1071E5C-7227-4E66-A2BF-C22FFDFA5A96}.Debug|x86.Build.0 = Debug|Win32
		{E1071E5C-7227-4E66-A2BF-C22FFDFA5A96}.Release|x64.ActiveCfg = Release|x64
		{E1071E5C-7227-4E66-A2BF-C22FFDFA5A96}.Release|x64.Build.0 = Release|x64
		{E1071E5C-7227-4E66-A2BF-C22FFDFA5A96}.Release|x86.ActiveCfg = Release|Win32
		{E1071E5C-7227-4E66-A2BF-C22FFDFA5A96}.Release|x86.Build.0 = Release|Win32
		{AE31CA66-DAD6-48DC-A2BF-7A01E0498709}.Debug|x64.ActiveCfg = Debug|x64
		{AE31CA66-DAD6-48DC-A2BF-7A01E0498709}.Debug|x64.Build.0 = Debug|x64
		{AE31CA66-DAD6-48DC-A2BF-7A01E0498709}.Debug|x86.ActiveCfg = Debug|Win32
		{AE31CA66-DAD6-48DC-A2BF-7A01E0498709}.Debug|x86.Build.0 = Debug|Win32
		{AE31CA66-DAD6-48DC-A2BF-7A01E0498709}.Release|x64.ActiveCfg = Release|x64
		{AE31CA66-DAD6-48DC-A2BF-7A01E0498709}.Release|x64.Build.0 = Release|x64
		{AE31CA66-DAD6-48DC-A2BF-7A01E0498709}.Release|x86.ActiveCfg = Release|Win32
		{AE31CA66-DAD6-48DC-A2BF-7A01E0498709}.Release|x86.Build.0 = Release|Win32
		{A9745798-7622-4E72-876C-A470720A05A3}.Debug|x64.ActiveCfg = Debug|x64
		{A9745798-7622-4E72-876C-A470720A05A3}.Debug|x64.Build.0 = Debug|x64
		{A9745798-7622-4E72-876C-A470720A05A3}.Debug|x86.ActiveCfg = Debug|Win32
		{A9745798-7622-4E72-876C-A470720A05A3}.Debug|x86.Build.0 = Debug|Win32
		{A9745798-7622-4E72-876C-A470720A05A3}.Release|x64.ActiveCfg = Release|x64
		{A9745798-7622-4E72-876C-A470720A05A3}.Release|x64.Build.0 = Release|x64
		{A9745798-7622-4E72-876C-A470720A05A3}.Release|x86.ActiveCfg = Release|Win32
		{A9745798-7622-4E72-876C-A470720A05A3}.Release|x86.Build.0 = Release|Win32
		{27707E71-583A-4513-9C1A-D118EDFEDE1C}.Debug|x64.ActiveCfg = Debug|x64
		{27707E71-583A-4513-9C1A-D118EDFEDE1C}.Debug|x64.Build.0 = Debug|x64
		{27707E71-583A-4513-9C1A-D118EDFEDE1C}.Debug|x86.ActiveCfg = Debug|Win32
		{27707E71-583A-4513-9C1A-D118EDFEDE1C}.Debug|x86.Build.0 = Debug|Win32
		{27707E71-583A-4513-9C1A-D118EDFEDE1C}.Release|x64.ActiveCfg = Release|x64
		{27707E71-583A-4513-9C1A-D118EDFEDE1C}.Release|x64.Build.0 = Release|x64
		{27707E71-583A-4513-9C1A-D118EDFEDE1C}.Release|x86.ActiveCfg = Release|Win32
		{27707E71-583A-4513-9C1A-D118EDFEDE1C}.Release|x86.Build.0 = Release|Win32
	EndGlobalSection
	GlobalSection(SolutionProperties) = preSolution
		HideSolutionNode = FALSE
	EndGlobalSection
	GlobalSection(ExtensibilityGlobals) = postSolution
		SolutionGuid = {7CFB0309-885E-4901-A9DC-6D73D6808845}
	EndGlobalSection
EndGlobal
